
Microsoft Visual Studio Solution File, Format Version 12.00
# Visual Studio Version 17
VisualStudioVersion = 17.4.33403.182
MinimumVisualStudioVersion = 10.0.40219.1
Project("{FAE04EC0-301F-11D3-BF4B-00C04F79EFBC}") = "JorgeLanches", "JorgeLanches\JorgeLanches.csproj", "{3AE571E7-4AA9-4E82-AAB1-D5B0742D6076}"
EndProject
Global
	GlobalSection(SolutionConfigurationPlatforms) = preSolution
		Debug|Any CPU = Debug|Any CPU
		Release|Any CPU = Release|Any CPU
	EndGlobalSection
	GlobalSection(ProjectConfigurationPlatforms) = postSolution
		{3AE571E7-4AA9-4E82-AAB1-D5B0742D6076}.Debug|Any CPU.ActiveCfg = Debug|Any CPU
		{3AE571E7-4AA9-4E82-AAB1-D5B0742D6076}.Debug|Any CPU.Build.0 = Debug|Any CPU
		{3AE571E7-4AA9-4E82-AAB1-D5B0742D6076}.Release|Any CPU.ActiveCfg = Release|Any CPU
		{3AE571E7-4AA9-4E82-AAB1-D5B0742D6076}.Release|Any CPU.Build.0 = Release|Any CPU
	EndGlobalSection
	GlobalSection(SolutionProperties) = preSolution
		HideSolutionNode = FALSE
	EndGlobalSection
	GlobalSection(ExtensibilityGlobals) = postSolution
		SolutionGuid = {917C830D-E0C7-4EF6-8E32-B51B8C012678}
	EndGlobalSection
EndGlobal
